
Microsoft Visual Studio Solution File, Format Version 12.00
# Visual Studio Version 16
VisualStudioVersion = 16.0.29318.209
MinimumVisualStudioVersion = 10.0.40219.1
Project("{FAE04EC0-301F-11D3-BF4B-00C04F79EFBC}") = "GamingShop.Web", "GamingShop.Web\GamingShop.Web.csproj", "{253C19E8-1365-4BFB-8A60-33D72F56140F}"
EndProject
Global
	GlobalSection(SolutionConfigurationPlatforms) = preSolution
		Debug|Any CPU = Debug|Any CPU
		Release|Any CPU = Release|Any CPU
	EndGlobalSection
	GlobalSection(ProjectConfigurationPlatforms) = postSolution
		{253C19E8-1365-4BFB-8A60-33D72F56140F}.Debug|Any CPU.ActiveCfg = Debug|Any CPU
		{253C19E8-1365-4BFB-8A60-33D72F56140F}.Debug|Any CPU.Build.0 = Debug|Any CPU
		{253C19E8-1365-4BFB-8A60-33D72F56140F}.Release|Any CPU.ActiveCfg = Release|Any CPU
		{253C19E8-1365-4BFB-8A60-33D72F56140F}.Release|Any CPU.Build.0 = Release|Any CPU
	EndGlobalSection
	GlobalSection(SolutionProperties) = preSolution
		HideSolutionNode = FALSE
	EndGlobalSection
	GlobalSection(ExtensibilityGlobals) = postSolution
		SolutionGuid = {E673D7EA-3162-46DE-A40D-ECA84864C628}
	EndGlobalSection
EndGlobal
